
Microsoft Visual Studio Solution File, Format Version 12.00
# Visual Studio Version 16
VisualStudioVersion = 16.0.32002.261
MinimumVisualStudioVersion = 10.0.40219.1
Project("{2150E333-8FDC-42A3-9474-1A3956D46DE8}") = "Services", "Services", "{D8FF5A02-9EBD-44A1-A6A4-773D7128FC9C}"
EndProject
Project("{2150E333-8FDC-42A3-9474-1A3956D46DE8}") = "Catalog", "Catalog", "{FF33874A-BE0E-4693-8347-A97C0F15BFA3}"
EndProject
Project("{9A19103F-16F7-4668-BE54-9A1E7A4F7556}") = "Catalog.API", "Services\Catalog\Catalog.API\Catalog.API.csproj", "{D764B7B0-D397-4A7B-B509-5059A458B7E9}"
EndProject
Project("{2150E333-8FDC-42A3-9474-1A3956D46DE8}") = "Basket", "Basket", "{94241B0D-88DF-438C-91A5-10BAE9AE768B}"
EndProject
Project("{9A19103F-16F7-4668-BE54-9A1E7A4F7556}") = "Basket.API", "Services\Basket\Basket.API\Basket.API.csproj", "{E8A788F4-334D-4A72-9ED5-7AA814DD7A6E}"
EndProject
Project("{2150E333-8FDC-42A3-9474-1A3956D46DE8}") = "Discount", "Discount", "{2223E949-97C7-4478-8665-5E06EE319D91}"
EndProject
Project("{9A19103F-16F7-4668-BE54-9A1E7A4F7556}") = "Discount.API", "Services\Discount\Discount.API\Discount.API.csproj", "{75F5095B-F311-4986-9355-3C49FEAA97C6}"
EndProject
Project("{E53339B2-1760-4266-BCC7-CA923CBCF16C}") = "docker-compose", "docker-compose.dcproj", "{2752A2E1-8330-46C1-92D3-2F15F38A8B78}"
EndProject
Project("{9A19103F-16F7-4668-BE54-9A1E7A4F7556}") = "Discount.Grpc", "Services\Discount\Discount.Grpc\Discount.Grpc.csproj", "{138B54D0-9EDF-4C33-9BE3-1E40CAD44CFC}"
EndProject
Project("{2150E333-8FDC-42A3-9474-1A3956D46DE8}") = "Solution Items", "Solution Items", "{68BE9E1E-9910-4625-B90F-64131E22250E}"
	ProjectSection(SolutionItems) = preProject
		.editorconfig = .editorconfig
	EndProjectSection
EndProject
Project("{2150E333-8FDC-42A3-9474-1A3956D46DE8}") = "Ordering", "Ordering", "{8474A55A-F700-4021-B7E0-7B87CB106823}"
EndProject
Project("{9A19103F-16F7-4668-BE54-9A1E7A4F7556}") = "Ordering.API", "Services\Ordering\Ordering.API\Ordering.API.csproj", "{93DEC9F4-64E4-4FD4-894F-7E5585490EE8}"
EndProject
Project("{9A19103F-16F7-4668-BE54-9A1E7A4F7556}") = "Ordering.Domain", "Services\Ordering\Ordering.Domain\Ordering.Domain.csproj", "{D654209C-4A74-48FC-B2C5-C2ECAA69B8F6}"
EndProject
Project("{9A19103F-16F7-4668-BE54-9A1E7A4F7556}") = "Ordering.Application", "Services\Ordering\Ordering.Application\Ordering.Application.csproj", "{5EE15603-62B0-44A5-BD8B-F3CA89D70D0F}"
EndProject
Project("{9A19103F-16F7-4668-BE54-9A1E7A4F7556}") = "Ordering.Infrastructure", "Services\Ordering\Ordering.Infrastructure\Ordering.Infrastructure.csproj", "{E6F95131-4D54-4926-BA6C-4C23733174FB}"
EndProject
Project("{2150E333-8FDC-42A3-9474-1A3956D46DE8}") = "BuildingBlocks", "BuildingBlocks", "{8FB83D51-334D-41D8-B412-189C733A3D8A}"
EndProject
Project("{FAE04EC0-301F-11D3-BF4B-00C04F79EFBC}") = "EventBus.Messages", "BuildingBlocks\EventBus.Messages\EventBus.Messages.csproj", "{386E5119-E2DA-45CF-B415-0E6E19626132}"
EndProject
Global
	GlobalSection(SolutionConfigurationPlatforms) = preSolution
		Debug|Any CPU = Debug|Any CPU
		Release|Any CPU = Release|Any CPU
	EndGlobalSection
	GlobalSection(ProjectConfigurationPlatforms) = postSolution
		{D764B7B0-D397-4A7B-B509-5059A458B7E9}.Debug|Any CPU.ActiveCfg = Debug|Any CPU
		{D764B7B0-D397-4A7B-B509-5059A458B7E9}.Debug|Any CPU.Build.0 = Debug|Any CPU
		{D764B7B0-D397-4A7B-B509-5059A458B7E9}.Release|Any CPU.ActiveCfg = Release|Any CPU
		{D764B7B0-D397-4A7B-B509-5059A458B7E9}.Release|Any CPU.Build.0 = Release|Any CPU
		{E8A788F4-334D-4A72-9ED5-7AA814DD7A6E}.Debug|Any CPU.ActiveCfg = Debug|Any CPU
		{E8A788F4-334D-4A72-9ED5-7AA814DD7A6E}.Debug|Any CPU.Build.0 = Debug|Any CPU
		{E8A788F4-334D-4A72-9ED5-7AA814DD7A6E}.Release|Any CPU.ActiveCfg = Release|Any CPU
		{E8A788F4-334D-4A72-9ED5-7AA814DD7A6E}.Release|Any CPU.Build.0 = Release|Any CPU
		{75F5095B-F311-4986-9355-3C49FEAA97C6}.Debug|Any CPU.ActiveCfg = Debug|Any CPU
		{75F5095B-F311-4986-9355-3C49FEAA97C6}.Debug|Any CPU.Build.0 = Debug|Any CPU
		{75F5095B-F311-4986-9355-3C49FEAA97C6}.Release|Any CPU.ActiveCfg = Release|Any CPU
		{75F5095B-F311-4986-9355-3C49FEAA97C6}.Release|Any CPU.Build.0 = Release|Any CPU
		{2752A2E1-8330-46C1-92D3-2F15F38A8B78}.Debug|Any CPU.ActiveCfg = Debug|Any CPU
		{2752A2E1-8330-46C1-92D3-2F15F38A8B78}.Debug|Any CPU.Build.0 = Debug|Any CPU
		{2752A2E1-8330-46C1-92D3-2F15F38A8B78}.Release|Any CPU.ActiveCfg = Release|Any CPU
		{2752A2E1-8330-46C1-92D3-2F15F38A8B78}.Release|Any CPU.Build.0 = Release|Any CPU
		{138B54D0-9EDF-4C33-9BE3-1E40CAD44CFC}.Debug|Any CPU.ActiveCfg = Debug|Any CPU
		{138B54D0-9EDF-4C33-9BE3-1E40CAD44CFC}.Debug|Any CPU.Build.0 = Debug|Any CPU
		{138B54D0-9EDF-4C33-9BE3-1E40CAD44CFC}.Release|Any CPU.ActiveCfg = Release|Any CPU
		{138B54D0-9EDF-4C33-9BE3-1E40CAD44CFC}.Release|Any CPU.Build.0 = Release|Any CPU
		{93DEC9F4-64E4-4FD4-894F-7E5585490EE8}.Debug|Any CPU.ActiveCfg = Debug|Any CPU
		{93DEC9F4-64E4-4FD4-894F-7E5585490EE8}.Debug|Any CPU.Build.0 = Debug|Any CPU
		{93DEC9F4-64E4-4FD4-894F-7E5585490EE8}.Release|Any CPU.ActiveCfg = Release|Any CPU
		{93DEC9F4-64E4-4FD4-894F-7E5585490EE8}.Release|Any CPU.Build.0 = Release|Any CPU
		{D654209C-4A74-48FC-B2C5-C2ECAA69B8F6}.Debug|Any CPU.ActiveCfg = Debug|Any CPU
		{D654209C-4A74-48FC-B2C5-C2ECAA69B8F6}.Debug|Any CPU.Build.0 = Debug|Any CPU
		{D654209C-4A74-48FC-B2C5-C2ECAA69B8F6}.Release|Any CPU.ActiveCfg = Release|Any CPU
		{D654209C-4A74-48FC-B2C5-C2ECAA69B8F6}.Release|Any CPU.Build.0 = Release|Any CPU
		{5EE15603-62B0-44A5-BD8B-F3CA89D70D0F}.Debug|Any CPU.ActiveCfg = Debug|Any CPU
		{5EE15603-62B0-44A5-BD8B-F3CA89D70D0F}.Debug|Any CPU.Build.0 = Debug|Any CPU
		{5EE15603-62B0-44A5-BD8B-F3CA89D70D0F}.Release|Any CPU.ActiveCfg = Release|Any CPU
		{5EE15603-62B0-44A5-BD8B-F3CA89D70D0F}.Release|Any CPU.Build.0 = Release|Any CPU
		{E6F95131-4D54-4926-BA6C-4C23733174FB}.Debug|Any CPU.ActiveCfg = Debug|Any CPU
		{E6F95131-4D54-4926-BA6C-4C23733174FB}.Debug|Any CPU.Build.0 = Debug|Any CPU
		{E6F95131-4D54-4926-BA6C-4C23733174FB}.Release|Any CPU.ActiveCfg = Release|Any CPU
		{E6F95131-4D54-4926-BA6C-4C23733174FB}.Release|Any CPU.Build.0 = Release|Any CPU
		{386E5119-E2DA-45CF-B415-0E6E19626132}.Debug|Any CPU.ActiveCfg = Debug|Any CPU
		{386E5119-E2DA-45CF-B415-0E6E19626132}.Debug|Any CPU.Build.0 = Debug|Any CPU
		{386E5119-E2DA-45CF-B415-0E6E19626132}.Release|Any CPU.ActiveCfg = Release|Any CPU
		{386E5119-E2DA-45CF-B415-0E6E19626132}.Release|Any CPU.Build.0 = Release|Any CPU
	EndGlobalSection
	GlobalSection(SolutionProperties) = preSolution
		HideSolutionNode = FALSE
	EndGlobalSection
	GlobalSection(NestedProjects) = preSolution
		{FF33874A-BE0E-4693-8347-A97C0F15BFA3} = {D8FF5A02-9EBD-44A1-A6A4-773D7128FC9C}
		{D764B7B0-D397-4A7B-B509-5059A458B7E9} = {FF33874A-BE0E-4693-8347-A97C0F15BFA3}
		{94241B0D-88DF-438C-91A5-10BAE9AE768B} = {D8FF5A02-9EBD-44A1-A6A4-773D7128FC9C}
		{E8A788F4-334D-4A72-9ED5-7AA814DD7A6E} = {94241B0D-88DF-438C-91A5-10BAE9AE768B}
		{2223E949-97C7-4478-8665-5E06EE319D91} = {D8FF5A02-9EBD-44A1-A6A4-773D7128FC9C}
		{75F5095B-F311-4986-9355-3C49FEAA97C6} = {2223E949-97C7-4478-8665-5E06EE319D91}
		{138B54D0-9EDF-4C33-9BE3-1E40CAD44CFC} = {2223E949-97C7-4478-8665-5E06EE319D91}
		{8474A55A-F700-4021-B7E0-7B87CB106823} = {D8FF5A02-9EBD-44A1-A6A4-773D7128FC9C}
		{93DEC9F4-64E4-4FD4-894F-7E5585490EE8} = {8474A55A-F700-4021-B7E0-7B87CB106823}
		{D654209C-4A74-48FC-B2C5-C2ECAA69B8F6} = {8474A55A-F700-4021-B7E0-7B87CB106823}
		{5EE15603-62B0-44A5-BD8B-F3CA89D70D0F} = {8474A55A-F700-4021-B7E0-7B87CB106823}
		{E6F95131-4D54-4926-BA6C-4C23733174FB} = {8474A55A-F700-4021-B7E0-7B87CB106823}
		{386E5119-E2DA-45CF-B415-0E6E19626132} = {8FB83D51-334D-41D8-B412-189C733A3D8A}
	EndGlobalSection
	GlobalSection(ExtensibilityGlobals) = postSolution
		SolutionGuid = {59617A5D-3882-4B3A-97A7-A6A7C60E9372}
	EndGlobalSection
EndGlobal
