
Microsoft Visual Studio Solution File, Format Version 12.00
# Visual Studio Version 16
VisualStudioVersion = 16.0.32002.261
MinimumVisualStudioVersion = 10.0.40219.1
Project("{2150E333-8FDC-42A3-9474-1A3956D46DE8}") = "Services", "Services", "{D8FF5A02-9EBD-44A1-A6A4-773D7128FC9C}"
EndProject
Project("{2150E333-8FDC-42A3-9474-1A3956D46DE8}") = "Catalog", "Catalog", "{FF33874A-BE0E-4693-8347-A97C0F15BFA3}"
EndProject
Project("{FAE04EC0-301F-11D3-BF4B-00C04F79EFBC}") = "Catalog.API", "Services\Catalog\Catalog.API\Catalog.API.csproj", "{D764B7B0-D397-4A7B-B509-5059A458B7E9}"
EndProject
Global
	GlobalSection(SolutionConfigurationPlatforms) = preSolution
		Debug|Any CPU = Debug|Any CPU
		Release|Any CPU = Release|Any CPU
	EndGlobalSection
	GlobalSection(ProjectConfigurationPlatforms) = postSolution
		{D764B7B0-D397-4A7B-B509-5059A458B7E9}.Debug|Any CPU.ActiveCfg = Debug|Any CPU
		{D764B7B0-D397-4A7B-B509-5059A458B7E9}.Debug|Any CPU.Build.0 = Debug|Any CPU
		{D764B7B0-D397-4A7B-B509-5059A458B7E9}.Release|Any CPU.ActiveCfg = Release|Any CPU
		{D764B7B0-D397-4A7B-B509-5059A458B7E9}.Release|Any CPU.Build.0 = Release|Any CPU
	EndGlobalSection
	GlobalSection(SolutionProperties) = preSolution
		HideSolutionNode = FALSE
	EndGlobalSection
	GlobalSection(NestedProjects) = preSolution
		{FF33874A-BE0E-4693-8347-A97C0F15BFA3} = {D8FF5A02-9EBD-44A1-A6A4-773D7128FC9C}
		{D764B7B0-D397-4A7B-B509-5059A458B7E9} = {FF33874A-BE0E-4693-8347-A97C0F15BFA3}
	EndGlobalSection
	GlobalSection(ExtensibilityGlobals) = postSolution
		SolutionGuid = {59617A5D-3882-4B3A-97A7-A6A7C60E9372}
	EndGlobalSection
EndGlobal
